github.com/a-h/templ v0.3.1070 h1:3iCOXHXqFXa99OQzgkUOLJbNzv/QjFGLwKZkBAg+ADA=
github.com/a-h/templ v0.3.1070/go.mod h1:iIqB3g2RHBe/WlnPwa+Bvhh1TKXHWLRnBD9NWHOLm78=
github.com/google/go-cmp v0.7.0 h1:wk8382ETsv4JYUZwIsn6YpYiWiBsYLSJiTsyBybVuN8=
github.com/google/go-cmp v0.7.0/go.mod h1:pXiqmnSA92OHEEa9HXL2W4E7lf9JzCmGVUdgjX3N/iU=
